
Microsoft Visual Studio Solution File, Format Version 12.00
# Visual Studio Version 17
VisualStudioVersion = 17.2.32516.85
MinimumVisualStudioVersion = 10.0.40219.1
Project("{FAE04EC0-301F-11D3-BF4B-00C04F79EFBC}") = "TextConvertWebApi", "TextConvertWebApi\TextConvertWebApi.csproj", "{5F29943F-34BC-45F9-A37E-5ACFBE6E3DE3}"
EndProject
Project("{FAE04EC0-301F-11D3-BF4B-00C04F79EFBC}") = "TextConverterService", "TextConverterService\TextConverterService.csproj", "{945DA00F-52B0-4B3E-920C-4E0532B8D59A}"
EndProject
Project("{FAE04EC0-301F-11D3-BF4B-00C04F79EFBC}") = "TextConverterServiceTest", "TextConverterServiceTest\TextConverterServiceTest.csproj", "{BC1F5689-BEBE-4D3C-9F1E-84D987FCD341}"
EndProject
Global
	GlobalSection(SolutionConfigurationPlatforms) = preSolution
		Debug|Any CPU = Debug|Any CPU
		Release|Any CPU = Release|Any CPU
	EndGlobalSection
	GlobalSection(ProjectConfigurationPlatforms) = postSolution
		{5F29943F-34BC-45F9-A37E-5ACFBE6E3DE3}.Debug|Any CPU.ActiveCfg = Debug|Any CPU
		{5F29943F-34BC-45F9-A37E-5ACFBE6E3DE3}.Debug|Any CPU.Build.0 = Debug|Any CPU
		{5F29943F-34BC-45F9-A37E-5ACFBE6E3DE3}.Release|Any CPU.ActiveCfg = Release|Any CPU
		{5F29943F-34BC-45F9-A37E-5ACFBE6E3DE3}.Release|Any CPU.Build.0 = Release|Any CPU
		{945DA00F-52B0-4B3E-920C-4E0532B8D59A}.Debug|Any CPU.ActiveCfg = Debug|Any CPU
		{945DA00F-52B0-4B3E-920C-4E0532B8D59A}.Debug|Any CPU.Build.0 = Debug|Any CPU
		{945DA00F-52B0-4B3E-920C-4E0532B8D59A}.Release|Any CPU.ActiveCfg = Release|Any CPU
		{945DA00F-52B0-4B3E-920C-4E0532B8D59A}.Release|Any CPU.Build.0 = Release|Any CPU
		{BC1F5689-BEBE-4D3C-9F1E-84D987FCD341}.Debug|Any CPU.ActiveCfg = Debug|Any CPU
		{BC1F5689-BEBE-4D3C-9F1E-84D987FCD341}.Debug|Any CPU.Build.0 = Debug|Any CPU
		{BC1F5689-BEBE-4D3C-9F1E-84D987FCD341}.Release|Any CPU.ActiveCfg = Release|Any CPU
		{BC1F5689-BEBE-4D3C-9F1E-84D987FCD341}.Release|Any CPU.Build.0 = Release|Any CPU
	EndGlobalSection
	GlobalSection(SolutionProperties) = preSolution
		HideSolutionNode = FALSE
	EndGlobalSection
	GlobalSection(ExtensibilityGlobals) = postSolution
		SolutionGuid = {EB79B872-698D-4422-AAA3-FE6D90F4700E}
	EndGlobalSection
EndGlobal
